// !$*UTF8*$!
{
	archiveVersion = 1;
	classes = {
	};
	objectVersion = 50;
	objects = {

/* Begin PBXBuildFile section */
		3B394B47245BF8EE00077751 /* SkillFile.swift in Sources */ = {isa = PBXBuildFile; fileRef = 3B394B46245BF8EE00077751 /* SkillFile.swift */; };
		3B5C3DEC23DD7E4500D96BA0 /* AppDelegate.swift in Sources */ = {isa = PBXBuildFile; fileRef = 3B5C3DEB23DD7E4500D96BA0 /* AppDelegate.swift */; };
		3B5C3DEE23DD7E4500D96BA0 /* ViewController.swift in Sources */ = {isa = PBXBuildFile; fileRef = 3B5C3DED23DD7E4500D96BA0 /* ViewController.swift */; };
		3B5C3DF023DD7E4600D96BA0 /* Assets.xcassets in Resources */ = {isa = PBXBuildFile; fileRef = 3B5C3DEF23DD7E4600D96BA0 /* Assets.xcassets */; };
		3B5C3DF323DD7E4600D96BA0 /* Main.storyboard in Resources */ = {isa = PBXBuildFile; fileRef = 3B5C3DF123DD7E4600D96BA0 /* Main.storyboard */; };
		3B5C3E0023DED49600D96BA0 /* CollectionViewItem.swift in Sources */ = {isa = PBXBuildFile; fileRef = 3B5C3DFE23DED49600D96BA0 /* CollectionViewItem.swift */; };
		3B5C3E0123DED49600D96BA0 /* CollectionViewItem.xib in Resources */ = {isa = PBXBuildFile; fileRef = 3B5C3DFF23DED49600D96BA0 /* CollectionViewItem.xib */; };
		3B70C816256E3A83006F30FE /* TerrainMap.swift in Sources */ = {isa = PBXBuildFile; fileRef = 3B70C815256E3A83006F30FE /* TerrainMap.swift */; };
		3B70C81B256E3EEF006F30FE /* CountryMap.swift in Sources */ = {isa = PBXBuildFile; fileRef = 3B70C81A256E3EEF006F30FE /* CountryMap.swift */; };
		3B70C821256E448C006F30FE /* UITools.swift in Sources */ = {isa = PBXBuildFile; fileRef = 3B70C820256E448C006F30FE /* UITools.swift */; };
		3B82EC9023E1B373008CAC23 /* dicAllZeroArea.swift in Sources */ = {isa = PBXBuildFile; fileRef = 3B82EC8F23E1B373008CAC23 /* dicAllZeroArea.swift */; };
		3B82EC9223E1B3B2008CAC23 /* LanguageTool.swift in Sources */ = {isa = PBXBuildFile; fileRef = 3B82EC9123E1B3B2008CAC23 /* LanguageTool.swift */; };
		3B82EC9423E1B4A2008CAC23 /* dicInitData.swift in Sources */ = {isa = PBXBuildFile; fileRef = 3B82EC9323E1B4A2008CAC23 /* dicInitData.swift */; };
		3B8FE3FF2567AE2100C043C9 /* MapLayout.swift in Sources */ = {isa = PBXBuildFile; fileRef = 3B8FE3FE2567AE2100C043C9 /* MapLayout.swift */; };
		3B9AF56823DF13B9007C3B8D /* Panels.xib in Resources */ = {isa = PBXBuildFile; fileRef = 3B9AF56723DF13B9007C3B8D /* Panels.xib */; };
		3B9AF56C23E00057007C3B8D /* AreaPanel.swift in Sources */ = {isa = PBXBuildFile; fileRef = 3B9AF56B23E00057007C3B8D /* AreaPanel.swift */; };
		3BFECC852564E6A300E015F5 /* MapConfig.swift in Sources */ = {isa = PBXBuildFile; fileRef = 3BFECC842564E6A300E015F5 /* MapConfig.swift */; };
		3BFECC8B256511F800E015F5 /* MapView.swift in Sources */ = {isa = PBXBuildFile; fileRef = 3BFECC8A256511F800E015F5 /* MapView.swift */; };
/* End PBXBuildFile section */

/* Begin PBXFileReference section */
		3B394B46245BF8EE00077751 /* SkillFile.swift */ = {isa = PBXFileReference; lastKnownFileType = sourcecode.swift; path = SkillFile.swift; sourceTree = "<group>"; };
		3B5C3DE823DD7E4400D96BA0 /* MacMapGame.app */ = {isa = PBXFileReference; explicitFileType = wrapper.application; includeInIndex = 0; path = MacMapGame.app; sourceTree = BUILT_PRODUCTS_DIR; };
		3B5C3DEB23DD7E4500D96BA0 /* AppDelegate.swift */ = {isa = PBXFileReference; lastKnownFileType = sourcecode.swift; path = AppDelegate.swift; sourceTree = "<group>"; };
		3B5C3DED23DD7E4500D96BA0 /* ViewController.swift */ = {isa = PBXFileReference; lastKnownFileType = sourcecode.swift; path = ViewController.swift; sourceTree = "<group>"; };
		3B5C3DEF23DD7E4600D96BA0 /* Assets.xcassets */ = {isa = PBXFileReference; lastKnownFileType = folder.assetcatalog; path = Assets.xcassets; sourceTree = "<group>"; };
		3B5C3DF223DD7E4600D96BA0 /* Base */ = {isa = PBXFileReference; lastKnownFileType = file.storyboard; name = Base; path = Base.lproj/Main.storyboard; sourceTree = "<group>"; };
		3B5C3DF423DD7E4600D96BA0 /* Info.plist */ = {isa = PBXFileReference; lastKnownFileType = text.plist.xml; path = Info.plist; sourceTree = "<group>"; };
		3B5C3DF523DD7E4600D96BA0 /* MacMapGame.entitlements */ = {isa = PBXFileReference; lastKnownFileType = text.plist.entitlements; path = MacMapGame.entitlements; sourceTree = "<group>"; };
		3B5C3DFE23DED49600D96BA0 /* CollectionViewItem.swift */ = {isa = PBXFileReference; lastKnownFileType = sourcecode.swift; path = CollectionViewItem.swift; sourceTree = "<group>"; };
		3B5C3DFF23DED49600D96BA0 /* CollectionViewItem.xib */ = {isa = PBXFileReference; lastKnownFileType = file.xib; path = CollectionViewItem.xib; sourceTree = "<group>"; };
		3B70C815256E3A83006F30FE /* TerrainMap.swift */ = {isa = PBXFileReference; lastKnownFileType = sourcecode.swift; path = TerrainMap.swift; sourceTree = "<group>"; };
		3B70C81A256E3EEF006F30FE /* CountryMap.swift */ = {isa = PBXFileReference; lastKnownFileType = sourcecode.swift; path = CountryMap.swift; sourceTree = "<group>"; };
		3B70C820256E448C006F30FE /* UITools.swift */ = {isa = PBXFileReference; lastKnownFileType = sourcecode.swift; path = UITools.swift; sourceTree = "<group>"; };
		3B82EC8F23E1B373008CAC23 /* dicAllZeroArea.swift */ = {isa = PBXFileReference; lastKnownFileType = sourcecode.swift; path = dicAllZeroArea.swift; sourceTree = "<group>"; };
		3B82EC9123E1B3B2008CAC23 /* LanguageTool.swift */ = {isa = PBXFileReference; lastKnownFileType = sourcecode.swift; path = LanguageTool.swift; sourceTree = "<group>"; };
		3B82EC9323E1B4A2008CAC23 /* dicInitData.swift */ = {isa = PBXFileReference; lastKnownFileType = sourcecode.swift; path = dicInitData.swift; sourceTree = "<group>"; };
		3B8FE3FE2567AE2100C043C9 /* MapLayout.swift */ = {isa = PBXFileReference; lastKnownFileType = sourcecode.swift; path = MapLayout.swift; sourceTree = "<group>"; };
		3B9AF56723DF13B9007C3B8D /* Panels.xib */ = {isa = PBXFileReference; lastKnownFileType = file.xib; path = Panels.xib; sourceTree = "<group>"; };
		3B9AF56B23E00057007C3B8D /* AreaPanel.swift */ = {isa = PBXFileReference; lastKnownFileType = sourcecode.swift; path = AreaPanel.swift; sourceTree = "<group>"; };
		3BFECC842564E6A300E015F5 /* MapConfig.swift */ = {isa = PBXFileReference; lastKnownFileType = sourcecode.swift; path = MapConfig.swift; sourceTree = "<group>"; };
		3BFECC8A256511F800E015F5 /* MapView.swift */ = {isa = PBXFileReference; lastKnownFileType = sourcecode.swift; path = MapView.swift; sourceTree = "<group>"; };
/* End PBXFileReference section */

/* Begin PBXFrameworksBuildPhase section */
		3B5C3DE523DD7E4400D96BA0 /* Frameworks */ = {
			isa = PBXFrameworksBuildPhase;
			buildActionMask = 2147483647;
			files = (
			);
			runOnlyForDeploymentPostprocessing = 0;
		};
/* End PBXFrameworksBuildPhase section */

/* Begin PBXGroup section */
		3B5C3DDF23DD7E4400D96BA0 = {
			isa = PBXGroup;
			children = (
				3B5C3DEA23DD7E4400D96BA0 /* MacMapGame */,
				3B5C3DE923DD7E4400D96BA0 /* Products */,
			);
			sourceTree = "<group>";
		};
		3B5C3DE923DD7E4400D96BA0 /* Products */ = {
			isa = PBXGroup;
			children = (
				3B5C3DE823DD7E4400D96BA0 /* MacMapGame.app */,
			);
			name = Products;
			sourceTree = "<group>";
		};
		3B5C3DEA23DD7E4400D96BA0 /* MacMapGame */ = {
			isa = PBXGroup;
			children = (
				3B70C81F256E4468006F30FE /* tools */,
				3B70C814256E3599006F30FE /* maps */,
				3B5C3DFD23DD7FEF00D96BA0 /* func */,
				3B5C3DFC23DD7FE600D96BA0 /* data */,
				3B5C3DFB23DD7FDF00D96BA0 /* UI */,
				3B5C3DEB23DD7E4500D96BA0 /* AppDelegate.swift */,
				3B5C3DED23DD7E4500D96BA0 /* ViewController.swift */,
				3B5C3DEF23DD7E4600D96BA0 /* Assets.xcassets */,
				3B5C3DF123DD7E4600D96BA0 /* Main.storyboard */,
				3B5C3DF423DD7E4600D96BA0 /* Info.plist */,
				3B5C3DF523DD7E4600D96BA0 /* MacMapGame.entitlements */,
			);
			path = MacMapGame;
			sourceTree = "<group>";
		};
		3B5C3DFB23DD7FDF00D96BA0 /* UI */ = {
			isa = PBXGroup;
			children = (
				3B8FE3FD2567ADE600C043C9 /* layout */,
				3BFECC89256511D800E015F5 /* view */,
				3B9AF56623DF1003007C3B8D /* pannals */,
				3B5C3DFE23DED49600D96BA0 /* CollectionViewItem.swift */,
				3B5C3DFF23DED49600D96BA0 /* CollectionViewItem.xib */,
			);
			path = UI;
			sourceTree = "<group>";
		};
		3B5C3DFC23DD7FE600D96BA0 /* data */ = {
			isa = PBXGroup;
			children = (
				3B82EC8F23E1B373008CAC23 /* dicAllZeroArea.swift */,
				3B82EC9323E1B4A2008CAC23 /* dicInitData.swift */,
				3B394B46245BF8EE00077751 /* SkillFile.swift */,
				3BFECC842564E6A300E015F5 /* MapConfig.swift */,
			);
			path = data;
			sourceTree = "<group>";
		};
		3B5C3DFD23DD7FEF00D96BA0 /* func */ = {
			isa = PBXGroup;
			children = (
				3B82EC9123E1B3B2008CAC23 /* LanguageTool.swift */,
			);
			path = func;
			sourceTree = "<group>";
		};
		3B70C814256E3599006F30FE /* maps */ = {
			isa = PBXGroup;
			children = (
				3B70C815256E3A83006F30FE /* TerrainMap.swift */,
				3B70C81A256E3EEF006F30FE /* CountryMap.swift */,
			);
			path = maps;
			sourceTree = "<group>";
		};
		3B70C81F256E4468006F30FE /* tools */ = {
			isa = PBXGroup;
			children = (
				3B70C820256E448C006F30FE /* UITools.swift */,
			);
			path = tools;
			sourceTree = "<group>";
		};
		3B8FE3FD2567ADE600C043C9 /* layout */ = {
			isa = PBXGroup;
			children = (
				3B8FE3FE2567AE2100C043C9 /* MapLayout.swift */,
			);
			path = layout;
			sourceTree = "<group>";
		};
		3B9AF56623DF1003007C3B8D /* pannals */ = {
			isa = PBXGroup;
			children = (
				3B9AF56723DF13B9007C3B8D /* Panels.xib */,
				3B9AF56B23E00057007C3B8D /* AreaPanel.swift */,
			);
			path = pannals;
			sourceTree = "<group>";
		};
		3BFECC89256511D800E015F5 /* view */ = {
			isa = PBXGroup;
			children = (
				3BFECC8A256511F800E015F5 /* MapView.swift */,
			);
			path = view;
			sourceTree = "<group>";
		};
/* End PBXGroup section */

/* Begin PBXNativeTarget section */
		3B5C3DE723DD7E4400D96BA0 /* MacMapGame */ = {
			isa = PBXNativeTarget;
			buildConfigurationList = 3B5C3DF823DD7E4600D96BA0 /* Build configuration list for PBXNativeTarget "MacMapGame" */;
			buildPhases = (
				3B5C3DE423DD7E4400D96BA0 /* Sources */,
				3B5C3DE523DD7E4400D96BA0 /* Frameworks */,
				3B5C3DE623DD7E4400D96BA0 /* Resources */,
			);
			buildRules = (
			);
			dependencies = (
			);
			name = MacMapGame;
			productName = MacMapGame;
			productReference = 3B5C3DE823DD7E4400D96BA0 /* MacMapGame.app */;
			productType = "com.apple.product-type.application";
		};
/* End PBXNativeTarget section */

/* Begin PBXProject section */
		3B5C3DE023DD7E4400D96BA0 /* Project object */ = {
			isa = PBXProject;
			attributes = {
				LastSwiftUpdateCheck = 1130;
				LastUpgradeCheck = 1130;
				ORGANIZATIONNAME = zwq;
				TargetAttributes = {
					3B5C3DE723DD7E4400D96BA0 = {
						CreatedOnToolsVersion = 11.3.1;
					};
				};
			};
			buildConfigurationList = 3B5C3DE323DD7E4400D96BA0 /* Build configuration list for PBXProject "MacMapGame" */;
			compatibilityVersion = "Xcode 9.3";
			developmentRegion = en;
			hasScannedForEncodings = 0;
			knownRegions = (
				en,
				Base,
			);
			mainGroup = 3B5C3DDF23DD7E4400D96BA0;
			productRefGroup = 3B5C3DE923DD7E4400D96BA0 /* Products */;
			projectDirPath = "";
			projectRoot = "";
			targets = (
				3B5C3DE723DD7E4400D96BA0 /* MacMapGame */,
			);
		};
/* End PBXProject section */

/* Begin PBXResourcesBuildPhase section */
		3B5C3DE623DD7E4400D96BA0 /* Resources */ = {
			isa = PBXResourcesBuildPhase;
			buildActionMask = 2147483647;
			files = (
				3B5C3DF023DD7E4600D96BA0 /* Assets.xcassets in Resources */,
				3B5C3DF323DD7E4600D96BA0 /* Main.storyboard in Resources */,
				3B9AF56823DF13B9007C3B8D /* Panels.xib in Resources */,
				3B5C3E0123DED49600D96BA0 /* CollectionViewItem.xib in Resources */,
			);
			runOnlyForDeploymentPostprocessing = 0;
		};
/* End PBXResourcesBuildPhase section */

/* Begin PBXSourcesBuildPhase section */
		3B5C3DE423DD7E4400D96BA0 /* Sources */ = {
			isa = PBXSourcesBuildPhase;
			buildActionMask = 2147483647;
			files = (
				3B8FE3FF2567AE2100C043C9 /* MapLayout.swift in Sources */,
				3B82EC9423E1B4A2008CAC23 /* dicInitData.swift in Sources */,
				3B394B47245BF8EE00077751 /* SkillFile.swift in Sources */,
				3B70C81B256E3EEF006F30FE /* CountryMap.swift in Sources */,
				3B82EC9023E1B373008CAC23 /* dicAllZeroArea.swift in Sources */,
				3BFECC852564E6A300E015F5 /* MapConfig.swift in Sources */,
				3B5C3DEE23DD7E4500D96BA0 /* ViewController.swift in Sources */,
				3B70C821256E448C006F30FE /* UITools.swift in Sources */,
				3B5C3DEC23DD7E4500D96BA0 /* AppDelegate.swift in Sources */,
				3B82EC9223E1B3B2008CAC23 /* LanguageTool.swift in Sources */,
				3BFECC8B256511F800E015F5 /* MapView.swift in Sources */,
				3B5C3E0023DED49600D96BA0 /* CollectionViewItem.swift in Sources */,
				3B70C816256E3A83006F30FE /* TerrainMap.swift in Sources */,
				3B9AF56C23E00057007C3B8D /* AreaPanel.swift in Sources */,
			);
			runOnlyForDeploymentPostprocessing = 0;
		};
/* End PBXSourcesBuildPhase section */

/* Begin PBXVariantGroup section */
		3B5C3DF123DD7E4600D96BA0 /* Main.storyboard */ = {
			isa = PBXVariantGroup;
			children = (
				3B5C3DF223DD7E4600D96BA0 /* Base */,
			);
			name = Main.storyboard;
			sourceTree = "<group>";
		};
/* End PBXVariantGroup section */

/* Begin XCBuildConfiguration section */
		3B5C3DF623DD7E4600D96BA0 /* Debug */ = {
			isa = XCBuildConfiguration;
			buildSettings = {
				ALWAYS_SEARCH_USER_PATHS = NO;
				CLANG_ANALYZER_NONNULL = YES;
				CLANG_ANALYZER_NUMBER_OBJECT_CONVERSION = YES_AGGRESSIVE;
				CLANG_CXX_LANGUAGE_STANDARD = "gnu++14";
				CLANG_CXX_LIBRARY = "libc++";
				CLANG_ENABLE_MODULES = YES;
				CLANG_ENABLE_OBJC_ARC = YES;
				CLANG_ENABLE_OBJC_WEAK = YES;
				CLANG_WARN_BLOCK_CAPTURE_AUTORELEASING = YES;
				CLANG_WARN_BOOL_CONVERSION = YES;
				CLANG_WARN_COMMA = YES;
				CLANG_WARN_CONSTANT_CONVERSION = YES;
				CLANG_WARN_DEPRECATED_OBJC_IMPLEMENTATIONS = YES;
				CLANG_WARN_DIRECT_OBJC_ISA_USAGE = YES_ERROR;
				CLANG_WARN_DOCUMENTATION_COMMENTS = YES;
				CLANG_WARN_EMPTY_BODY = YES;
				CLANG_WARN_ENUM_CONVERSION = YES;
				CLANG_WARN_INFINITE_RECURSION = YES;
				CLANG_WARN_INT_CONVERSION = YES;
				CLANG_WARN_NON_LITERAL_NULL_CONVERSION = YES;
				CLANG_WARN_OBJC_IMPLICIT_RETAIN_SELF = YES;
				CLANG_WARN_OBJC_LITERAL_CONVERSION = YES;
				CLANG_WARN_OBJC_ROOT_CLASS = YES_ERROR;
				CLANG_WARN_RANGE_LOOP_ANALYSIS = YES;
				CLANG_WARN_STRICT_PROTOTYPES = YES;
				CLANG_WARN_SUSPICIOUS_MOVE = YES;
				CLANG_WARN_UNGUARDED_AVAILABILITY = YES_AGGRESSIVE;
				CLANG_WARN_UNREACHABLE_CODE = YES;
				CLANG_WARN__DUPLICATE_METHOD_MATCH = YES;
				COPY_PHASE_STRIP = NO;
				DEBUG_INFORMATION_FORMAT = dwarf;
				ENABLE_STRICT_OBJC_MSGSEND = YES;
				ENABLE_TESTABILITY = YES;
				GCC_C_LANGUAGE_STANDARD = gnu11;
				GCC_DYNAMIC_NO_PIC = NO;
				GCC_NO_COMMON_BLOCKS = YES;
				GCC_OPTIMIZATION_LEVEL = 0;
				GCC_PREPROCESSOR_DEFINITIONS = (
					"DEBUG=1",
					"$(inherited)",
				);
				GCC_WARN_64_TO_32_BIT_CONVERSION = YES;
				GCC_WARN_ABOUT_RETURN_TYPE = YES_ERROR;
				GCC_WARN_UNDECLARED_SELECTOR = YES;
				GCC_WARN_UNINITIALIZED_AUTOS = YES_AGGRESSIVE;
				GCC_WARN_UNUSED_FUNCTION = YES;
				GCC_WARN_UNUSED_VARIABLE = YES;
				MACOSX_DEPLOYMENT_TARGET = 10.15;
				MTL_ENABLE_DEBUG_INFO = INCLUDE_SOURCE;
				MTL_FAST_MATH = YES;
				ONLY_ACTIVE_ARCH = YES;
				SDKROOT = macosx;
				SWIFT_ACTIVE_COMPILATION_CONDITIONS = DEBUG;
				SWIFT_OPTIMIZATION_LEVEL = "-Onone";
			};
			name = Debug;
		};
		3B5C3DF723DD7E4600D96BA0 /* Release */ = {
			isa = XCBuildConfiguration;
			buildSettings = {
				ALWAYS_SEARCH_USER_PATHS = NO;
				CLANG_ANALYZER_NONNULL = YES;
				CLANG_ANALYZER_NUMBER_OBJECT_CONVERSION = YES_AGGRESSIVE;
				CLANG_CXX_LANGUAGE_STANDARD = "gnu++14";
				CLANG_CXX_LIBRARY = "libc++";
				CLANG_ENABLE_MODULES = YES;
				CLANG_ENABLE_OBJC_ARC = YES;
				CLANG_ENABLE_OBJC_WEAK = YES;
				CLANG_WARN_BLOCK_CAPTURE_AUTORELEASING = YES;
				CLANG_WARN_BOOL_CONVERSION = YES;
				CLANG_WARN_COMMA = YES;
				CLANG_WARN_CONSTANT_CONVERSION = YES;
				CLANG_WARN_DEPRECATED_OBJC_IMPLEMENTATIONS = YES;
				CLANG_WARN_DIRECT_OBJC_ISA_USAGE = YES_ERROR;
				CLANG_WARN_DOCUMENTATION_COMMENTS = YES;
				CLANG_WARN_EMPTY_BODY = YES;
				CLANG_WARN_ENUM_CONVERSION = YES;
				CLANG_WARN_INFINITE_RECURSION = YES;
				CLANG_WARN_INT_CONVERSION = YES;
				CLANG_WARN_NON_LITERAL_NULL_CONVERSION = YES;
				CLANG_WARN_OBJC_IMPLICIT_RETAIN_SELF = YES;
				CLANG_WARN_OBJC_LITERAL_CONVERSION = YES;
				CLANG_WARN_OBJC_ROOT_CLASS = YES_ERROR;
				CLANG_WARN_RANGE_LOOP_ANALYSIS = YES;
				CLANG_WARN_STRICT_PROTOTYPES = YES;
				CLANG_WARN_SUSPICIOUS_MOVE = YES;
				CLANG_WARN_UNGUARDED_AVAILABILITY = YES_AGGRESSIVE;
				CLANG_WARN_UNREACHABLE_CODE = YES;
				CLANG_WARN__DUPLICATE_METHOD_MATCH = YES;
				COPY_PHASE_STRIP = NO;
				DEBUG_INFORMATION_FORMAT = "dwarf-with-dsym";
				ENABLE_NS_ASSERTIONS = NO;
				ENABLE_STRICT_OBJC_MSGSEND = YES;
				GCC_C_LANGUAGE_STANDARD = gnu11;
				GCC_NO_COMMON_BLOCKS = YES;
				GCC_WARN_64_TO_32_BIT_CONVERSION = YES;
				GCC_WARN_ABOUT_RETURN_TYPE = YES_ERROR;
				GCC_WARN_UNDECLARED_SELECTOR = YES;
				GCC_WARN_UNINITIALIZED_AUTOS = YES_AGGRESSIVE;
				GCC_WARN_UNUSED_FUNCTION = YES;
				GCC_WARN_UNUSED_VARIABLE = YES;
				MACOSX_DEPLOYMENT_TARGET = 10.15;
				MTL_ENABLE_DEBUG_INFO = NO;
				MTL_FAST_MATH = YES;
				SDKROOT = macosx;
				SWIFT_COMPILATION_MODE = wholemodule;
				SWIFT_OPTIMIZATION_LEVEL = "-O";
			};
			name = Release;
		};
		3B5C3DF923DD7E4600D96BA0 /* Debug */ = {
			isa = XCBuildConfiguration;
			buildSettings = {
				ASSETCATALOG_COMPILER_APPICON_NAME = AppIcon;
				CODE_SIGN_ENTITLEMENTS = MacMapGame/MacMapGame.entitlements;
				CODE_SIGN_STYLE = Automatic;
				COMBINE_HIDPI_IMAGES = YES;
				DEVELOPMENT_TEAM = MYTR7U8F29;
				ENABLE_HARDENED_RUNTIME = YES;
				INFOPLIST_FILE = MacMapGame/Info.plist;
				LD_RUNPATH_SEARCH_PATHS = (
					"$(inherited)",
					"@executable_path/../Frameworks",
				);
				PRODUCT_BUNDLE_IDENTIFIER = zwq.MacMapGame;
				PRODUCT_NAME = "$(TARGET_NAME)";
				SWIFT_VERSION = 5.0;
			};
			name = Debug;
		};
		3B5C3DFA23DD7E4600D96BA0 /* Release */ = {
			isa = XCBuildConfiguration;
			buildSettings = {
				ASSETCATALOG_COMPILER_APPICON_NAME = AppIcon;
				CODE_SIGN_ENTITLEMENTS = MacMapGame/MacMapGame.entitlements;
				CODE_SIGN_STYLE = Automatic;
				COMBINE_HIDPI_IMAGES = YES;
				DEVELOPMENT_TEAM = MYTR7U8F29;
				ENABLE_HARDENED_RUNTIME = YES;
				INFOPLIST_FILE = MacMapGame/Info.plist;
				LD_RUNPATH_SEARCH_PATHS = (
					"$(inherited)",
					"@executable_path/../Frameworks",
				);
				PRODUCT_BUNDLE_IDENTIFIER = zwq.MacMapGame;
				PRODUCT_NAME = "$(TARGET_NAME)";
				SWIFT_VERSION = 5.0;
			};
			name = Release;
		};
/* End XCBuildConfiguration section */

/* Begin XCConfigurationList section */
		3B5C3DE323DD7E4400D96BA0 /* Build configuration list for PBXProject "MacMapGame" */ = {
			isa = XCConfigurationList;
			buildConfigurations = (
				3B5C3DF623DD7E4600D96BA0 /* Debug */,
				3B5C3DF723DD7E4600D96BA0 /* Release */,
			);
			defaultConfigurationIsVisible = 0;
			defaultConfigurationName = Release;
		};
		3B5C3DF823DD7E4600D96BA0 /* Build configuration list for PBXNativeTarget "MacMapGame" */ = {
			isa = XCConfigurationList;
			buildConfigurations = (
				3B5C3DF923DD7E4600D96BA0 /* Debug */,
				3B5C3DFA23DD7E4600D96BA0 /* Release */,
			);
			defaultConfigurationIsVisible = 0;
			defaultConfigurationName = Release;
		};
/* End XCConfigurationList section */
	};
	rootObject = 3B5C3DE023DD7E4400D96BA0 /* Project object */;
}
